[[package]]
name = "algoliasearch"
version = "2.6.0"
description = "Algolia Search API Client for Python."
category = "main"
optional = false
python-versions = "!=3.0.*,!=3.1.*,!=3.2.*,!=3.3.*,>=2.7"

[package.dependencies]
requests = ">=2.21,<3.0"

[[package]]
name = "boto3"
version = "1.20.13"
description = "The AWS SDK for Python"
category = "main"
optional = false
python-versions = ">= 3.6"

[package.dependencies]
botocore = ">=1.23.13,<1.24.0"
jmespath = ">=0.7.1,<1.0.0"
s3transfer = ">=0.5.0,<0.6.0"

[package.extras]
crt = ["botocore[crt] (>=1.21.0,<2.0a0)"]

[[package]]
name = "botocore"
version = "1.23.13"
description = "Low-level, data-driven core of boto 3."
category = "main"
optional = false
python-versions = ">= 3.6"

[package.dependencies]
jmespath = ">=0.7.1,<1.0.0"
python-dateutil = ">=2.1,<3.0.0"
urllib3 = ">=1.25.4,<1.27"

[package.extras]
crt = ["awscrt (==0.12.5)"]

[[package]]
name = "certifi"
version = "2021.10.8"
description = "Python package for providing Mozilla's CA Bundle."
category = "main"
optional = false
python-versions = "*"

[[package]]
name = "charset-normalizer"
version = "2.0.8"
description = "The Real First Universal Charset Detector. Open, modern and actively maintained alternative to Chardet."
category = "main"
optional = false
python-versions = ">=3.5.0"

[package.extras]
unicode_backport = ["unicodedata2"]

[[package]]
name = "cssselect"
version = "1.1.0"
description = "cssselect parses CSS3 Selectors and translates them to XPath 1.0"
category = "main"
optional = false
python-versions = ">=2.7, !=3.0.*, !=3.1.*, !=3.2.*, !=3.3.*"

[[package]]
name = "idna"
version = "3.3"
description = "Internationalized Domain Names in Applications (IDNA)"
category = "main"
optional = false
python-versions = ">=3.5"

[[package]]
name = "jmespath"
version = "0.10.0"
description = "JSON Matching Expressions"
category = "main"
optional = false
python-versions = ">=2.6, !=3.0.*, !=3.1.*, !=3.2.*"

[[package]]
name = "jsonlines"
version = "1.2.0"
description = "Library with helpers for the jsonlines file format"
category = "main"
optional = false
python-versions = "*"

[package.dependencies]
six = "*"

[[package]]
name = "lxml"
version = "4.6.5"
description = "Powerful and Pythonic XML processing library combining libxml2/libxslt with the ElementTree API."
category = "main"
optional = false
python-versions = ">=2.7, !=3.0.*, !=3.1.*, !=3.2.*, !=3.3.*, != 3.4.*"

[package.extras]
cssselect = ["cssselect (>=0.7)"]
html5 = ["html5lib"]
htmlsoup = ["beautifulsoup4"]
source = ["Cython (>=0.29.7)"]

[[package]]
name = "python-dateutil"
version = "2.8.2"
description = "Extensions to the standard Python datetime module"
category = "main"
optional = false
python-versions = "!=3.0.*,!=3.1.*,!=3.2.*,>=2.7"

[package.dependencies]
six = ">=1.5"

[[package]]
name = "requests"
version = "2.26.0"
description = "Python HTTP for Humans."
category = "main"
optional = false
python-versions = ">=2.7, !=3.0.*, !=3.1.*, !=3.2.*, !=3.3.*, !=3.4.*, !=3.5.*"

[package.dependencies]
certifi = ">=2017.4.17"
charset-normalizer = {version = ">=2.0.0,<2.1.0", markers = "python_version >= \"3\""}
idna = {version = ">=2.5,<4", markers = "python_version >= \"3\""}
urllib3 = ">=1.21.1,<1.27"

[package.extras]
socks = ["PySocks (>=1.5.6,!=1.5.7)", "win-inet-pton"]
use_chardet_on_py3 = ["chardet (>=3.0.2,<5)"]

[[package]]
name = "s3transfer"
version = "0.5.0"
description = "An Amazon S3 Transfer Manager"
category = "main"
optional = false
python-versions = ">= 3.6"

[package.dependencies]
botocore = ">=1.12.36,<2.0a.0"

[package.extras]
crt = ["botocore[crt] (>=1.20.29,<2.0a.0)"]

[[package]]
name = "six"
version = "1.16.0"
description = "Python 2 and 3 compatibility utilities"
category = "main"
optional = false
python-versions = ">=2.7, !=3.0.*, !=3.1.*, !=3.2.*"

[[package]]
name = "urllib3"
version = "1.26.7"
description = "HTTP library with thread-safe connection pooling, file post, and more."
category = "main"
optional = false
python-versions = ">=2.7, !=3.0.*, !=3.1.*, !=3.2.*, !=3.3.*, !=3.4.*, <4"

[package.extras]
brotli = ["brotlipy (>=0.6.0)"]
secure = ["pyOpenSSL (>=0.14)", "cryptography (>=1.3.4)", "idna (>=2.0.0)", "certifi", "ipaddress"]
socks = ["PySocks (>=1.5.6,!=1.5.7,<2.0)"]

[metadata]
lock-version = "1.1"
python-versions = "^3.8"
content-hash = "9a4681ae2e9c03eb56f28c413135adc6ab8d2b5d88e47a021438c143ba9b79a6"

[metadata.files]
algoliasearch = [
    {file = "algoliasearch-2.6.0-py2.py3-none-any.whl", hash = "sha256:f4c115fc27589d097de617ddcbf2ed83efac47d180523e54e42d54fd6a658eb4"},
    {file = "algoliasearch-2.6.0.tar.gz", hash = "sha256:3c6ecf88fc4ab319d93857dbf334c368a3f6b6242d4e1e5729031163ad515786"},
]
boto3 = [
    {file = "boto3-1.20.13-py3-none-any.whl", hash = "sha256:879ee87037ad51317483ba175dcb982fffbc32de207e033287875b042765d750"},
    {file = "boto3-1.20.13.tar.gz", hash = "sha256:bbf53a077d6a0575ddec8026f0475ca6ee6f41b227914bf315bf3e049a3d653a"},
]
botocore = [
    {file = "botocore-1.23.13-py3-none-any.whl", hash = "sha256:9b9385e61058eb0e7fc43013e4b43a710c9abafa2b28c340c45978d5a65c7113"},
    {file = "botocore-1.23.13.tar.gz", hash = "sha256:35792b2196049ef900f538cae51fb8359c940156eef187962aa9e3bd2c0b8e8c"},
]
certifi = [
    {file = "certifi-2021.10.8-py2.py3-none-any.whl", hash = "sha256:d62a0163eb4c2344ac042ab2bdf75399a71a2d8c7d47eac2e2ee91b9d6339569"},
    {file = "certifi-2021.10.8.tar.gz", hash = "sha256:78884e7c1d4b00ce3cea67b44566851c4343c120abd683433ce934a68ea58872"},
]
charset-normalizer = [
    {file = "charset-normalizer-2.0.8.tar.gz", hash = "sha256:735e240d9a8506778cd7a453d97e817e536bb1fc29f4f6961ce297b9c7a917b0"},
    {file = "charset_normalizer-2.0.8-py3-none-any.whl", hash = "sha256:83fcdeb225499d6344c8f7f34684c2981270beacc32ede2e669e94f7fa544405"},
]
cssselect = [
    {file = "cssselect-1.1.0-py2.py3-none-any.whl", hash = "sha256:f612ee47b749c877ebae5bb77035d8f4202c6ad0f0fc1271b3c18ad6c4468ecf"},
    {file = "cssselect-1.1.0.tar.gz", hash = "sha256:f95f8dedd925fd8f54edb3d2dfb44c190d9d18512377d3c1e2388d16126879bc"},
]
idna = [
    {file = "idna-3.3-py3-none-any.whl", hash = "sha256:84d9dd047ffa80596e0f246e2eab0b391788b0503584e8945f2368256d2735ff"},
    {file = "idna-3.3.tar.gz", hash = "sha256:9d643ff0a55b762d5cdb124b8eaa99c66322e2157b69160bc32796e824360e6d"},
]
jmespath = [
    {file = "jmespath-0.10.0-py2.py3-none-any.whl", hash = "sha256:cdf6525904cc597730141d61b36f2e4b8ecc257c420fa2f4549bac2c2d0cb72f"},
    {file = "jmespath-0.10.0.tar.gz", hash = "sha256:b85d0567b8666149a93172712e68920734333c0ce7e89b78b3e987f71e5ed4f9"},
]
jsonlines = [
    {file = "jsonlines-1.2.0-py2.py3-none-any.whl", hash = "sha256:0ebd5b0c3efe0d4b5018b320fb0ee1a7b680ab39f6eb853715859f818d386cc8"},
    {file = "jsonlines-1.2.0.tar.gz", hash = "sha256:43b8d5588a9d4862c8a4a49580e38e20ec595aee7ad6fe469b10fb83fbefde88"},
]
lxml = [
    {file = "lxml-4.6.5-cp27-cp27m-macosx_10_14_x86_64.whl", hash = "sha256:abcf7daa5ebcc89328326254f6dd6d566adb483d4d00178892afd386ab389de2"},
    {file = "lxml-4.6.5-cp27-cp27m-manylinux_2_5_i686.manylinux1_i686.whl", hash = "sha256:3884476a90d415be79adfa4e0e393048630d0d5bcd5757c4c07d8b4b00a1096b"},
    {file = "lxml-4.6.5-cp27-cp27m-manylinux_2_5_x86_64.manylinux1_x86_64.whl", hash = "sha256:add017c5bd6b9ec3a5f09248396b6ee2ce61c5621f087eb2269c813cd8813808"},
    {file = "lxml-4.6.5-cp27-cp27m-win32.whl", hash = "sha256:a702005e447d712375433ed0499cb6e1503fadd6c96a47f51d707b4d37b76d3c"},
    {file = "lxml-4.6.5-cp27-cp27m-win_amd64.whl", hash = "sha256:da07c7e7fc9a3f40446b78c54dbba8bfd5c9100dfecb21b65bfe3f57844f5e71"},
    {file = "lxml-4.6.5-cp27-cp27mu-manylinux_2_5_i686.manylinux1_i686.whl", hash = "sha256:a708c291900c40a7ecf23f1d2384ed0bc0604e24094dd13417c7e7f8f7a50d93"},
    {file = "lxml-4.6.5-cp27-cp27mu-manylinux_2_5_x86_64.manylinux1_x86_64.whl", hash = "sha256:f33d8efb42e4fc2b31b3b4527940b25cdebb3026fb56a80c1c1c11a4271d2352"},
    {file = "lxml-4.6.5-cp310-cp310-macosx_10_14_x86_64.whl", hash = "sha256:f6befb83bca720b71d6bd6326a3b26e9496ae6649e26585de024890fe50f49b8"},
    {file = "lxml-4.6.5-cp310-cp310-manylinux_2_12_i686.manylinux2010_i686.manylinux_2_24_i686.whl", hash = "sha256:59d77bfa3bea13caee95bc0d3f1c518b15049b97dd61ea8b3d71ce677a67f808"},
    {file = "lxml-4.6.5-cp310-cp310-manylinux_2_17_aarch64.manylinux2014_aarch64.manylinux_2_24_aarch64.whl", hash = "sha256:68a851176c931e2b3de6214347b767451243eeed3bea34c172127bbb5bf6c210"},
    {file = "lxml-4.6.5-cp310-cp310-manylinux_2_17_x86_64.manylinux2014_x86_64.manylinux_2_24_x86_64.whl", hash = "sha256:a7790a273225b0c46e5f859c1327f0f659896cc72eaa537d23aa3ad9ff2a1cc1"},
    {file = "lxml-4.6.5-cp310-cp310-musllinux_1_1_x86_64.whl", hash = "sha256:6548fc551de15f310dd0564751d9dc3d405278d45ea9b2b369ed1eccf142e1f5"},
    {file = "lxml-4.6.5-cp310-cp310-win32.whl", hash = "sha256:dc8a0dbb2a10ae8bb609584f5c504789f0f3d0d81840da4849102ec84289f952"},
    {file = "lxml-4.6.5-cp310-cp310-win_amd64.whl", hash = "sha256:1ccbfe5d17835db906f2bab6f15b34194db1a5b07929cba3cf45a96dbfbfefc0"},
    {file = "lxml-4.6.5-cp35-cp35m-manylinux_2_5_i686.manylinux1_i686.whl", hash = "sha256:ca9a40497f7e97a2a961c04fa8a6f23d790b0521350a8b455759d786b0bcb203"},
    {file = "lxml-4.6.5-cp35-cp35m-manylinux_2_5_x86_64.manylinux1_x86_64.whl", hash = "sha256:e5b4b0d9440046ead3bd425eb2b852499241ee0cef1ae151038e4f87ede888c4"},
    {file = "lxml-4.6.5-cp35-cp35m-win32.whl", hash = "sha256:87f8f7df70b90fbe7b49969f07b347e3f978f8bd1046bb8ecae659921869202b"},
    {file = "lxml-4.6.5-cp35-cp35m-win_amd64.whl", hash = "sha256:ce52aad32ec6e46d1a91ff8b8014a91538800dd533914bfc4a82f5018d971408"},
    {file = "lxml-4.6.5-cp36-cp36m-macosx_10_14_x86_64.whl", hash = "sha256:8021eeff7fabde21b9858ed058a8250ad230cede91764d598c2466b0ba70db8b"},
    {file = "lxml-4.6.5-cp36-cp36m-manylinux_2_12_i686.manylinux2010_i686.manylinux_2_24_i686.whl", hash = "sha256:cab343b265e38d4e00649cbbad9278b734c5715f9bcbb72c85a1f99b1a58e19a"},
    {file = "lxml-4.6.5-cp36-cp36m-manylinux_2_17_x86_64.manylinux2014_x86_64.manylinux_2_24_x86_64.whl", hash = "sha256:3534d7c468c044f6aef3c0aff541db2826986a29ea73f2ca831f5d5284d9b570"},
    {file = "lxml-4.6.5-cp36-cp36m-manylinux_2_5_i686.manylinux1_i686.whl", hash = "sha256:bdb98f4c9e8a1735efddfaa995b0c96559792da15d56b76428bdfc29f77c4cdb"},
    {file = "lxml-4.6.5-cp36-cp36m-manylinux_2_5_x86_64.manylinux1_x86_64.whl", hash = "sha256:5ea121cb66d7e5cb396b4c3ca90471252b94e01809805cfe3e4e44be2db3a99c"},
    {file = "lxml-4.6.5-cp36-cp36m-musllinux_1_1_x86_64.whl", hash = "sha256:121fc6f71c692b49af6c963b84ab7084402624ffbe605287da362f8af0668ea3"},
    {file = "lxml-4.6.5-cp36-cp36m-win32.whl", hash = "sha256:1a2a7659b8eb93c6daee350a0d844994d49245a0f6c05c747f619386fb90ba04"},
    {file = "lxml-4.6.5-cp36-cp36m-win_amd64.whl", hash = "sha256:2f77556266a8fe5428b8759fbfc4bd70be1d1d9c9b25d2a414f6a0c0b0f09120"},
    {file = "lxml-4.6.5-cp37-cp37m-macosx_10_14_x86_64.whl", hash = "sha256:558485218ee06458643b929765ac1eb04519ca3d1e2dcc288517de864c747c33"},
    {file = "lxml-4.6.5-cp37-cp37m-manylinux_2_12_i686.manylinux2010_i686.manylinux_2_24_i686.whl", hash = "sha256:ba0006799f21d83c3717fe20e2707a10bbc296475155aadf4f5850f6659b96b9"},
    {file = "lxml-4.6.5-cp37-cp37m-manylinux_2_17_aarch64.manylinux2014_aarch64.manylinux_2_24_aarch64.whl", hash = "sha256:916d457ad84e05b7db52700bad0a15c56e0c3000dcaf1263b2fb7a56fe148996"},
    {file = "lxml-4.6.5-cp37-cp37m-manylinux_2_17_x86_64.manylinux2014_x86_64.manylinux_2_24_x86_64.whl", hash = "sha256:c580c2a61d8297a6e47f4d01f066517dbb019be98032880d19ece7f337a9401d"},
    {file = "lxml-4.6.5-cp37-cp37m-manylinux_2_5_i686.manylinux1_i686.whl", hash = "sha256:a21b78af7e2e13bec6bea12fc33bc05730197674f3e5402ce214d07026ccfebd"},
    {file = "lxml-4.6.5-cp37-cp37m-manylinux_2_5_x86_64.manylinux1_x86_64.whl", hash = "sha256:46515773570a33eae13e451c8fcf440222ef24bd3b26f40774dd0bd8b6db15b2"},
    {file = "lxml-4.6.5-cp37-cp37m-musllinux_1_1_x86_64.whl", hash = "sha256:124f09614f999551ac65e5b9875981ce4b66ac4b8e2ba9284572f741935df3d9"},
    {file = "lxml-4.6.5-cp37-cp37m-win32.whl", hash = "sha256:b4015baed99d046c760f09a4c59d234d8f398a454380c3cf0b859aba97136090"},
    {file = "lxml-4.6.5-cp37-cp37m-win_amd64.whl", hash = "sha256:12ae2339d32a2b15010972e1e2467345b7bf962e155671239fba74c229564b7f"},
    {file = "lxml-4.6.5-cp38-cp38-macosx_10_14_x86_64.whl", hash = "sha256:76b6c296e4f7a1a8a128aec42d128646897f9ae9a700ef6839cdc9b3900db9b5"},
    {file = "lxml-4.6.5-cp38-cp38-manylinux_2_12_i686.manylinux2010_i686.manylinux_2_24_i686.whl", hash = "sha256:534032a5ceb34bba1da193b7d386ac575127cc39338379f39a164b10d97ade89"},
    {file = "lxml-4.6.5-cp38-cp38-manylinux_2_17_aarch64.manylinux2014_aarch64.manylinux_2_24_aarch64.whl", hash = "sha256:60aeb14ff9022d2687ef98ce55f6342944c40d00916452bb90899a191802137a"},
    {file = "lxml-4.6.5-cp38-cp38-manylinux_2_17_x86_64.manylinux2014_x86_64.manylinux_2_24_x86_64.whl", hash = "sha256:9801bcd52ac9c795a7d81ea67471a42cffe532e46cfb750cd5713befc5c019c0"},
    {file = "lxml-4.6.5-cp38-cp38-manylinux_2_5_i686.manylinux1_i686.whl", hash = "sha256:3b95fb7e6f9c2f53db88f4642231fc2b8907d854e614710996a96f1f32018d5c"},
    {file = "lxml-4.6.5-cp38-cp38-manylinux_2_5_x86_64.manylinux1_x86_64.whl", hash = "sha256:642eb4cabd997c9b949a994f9643cd8ae00cf4ca8c5cd9c273962296fadf1c44"},
    {file = "lxml-4.6.5-cp38-cp38-musllinux_1_1_x86_64.whl", hash = "sha256:af4139172ff0263d269abdcc641e944c9de4b5d660894a3ec7e9f9db63b56ac9"},
    {file = "lxml-4.6.5-cp38-cp38-win32.whl", hash = "sha256:57cf05466917e08f90e323f025b96f493f92c0344694f5702579ab4b7e2eb10d"},
    {file = "lxml-4.6.5-cp38-cp38-win_amd64.whl", hash = "sha256:4f415624cf8b065796649a5e4621773dc5c9ea574a944c76a7f8a6d3d2906b41"},
    {file = "lxml-4.6.5-cp39-cp39-macosx_10_14_x86_64.whl", hash = "sha256:7679bb6e4d9a3978a46ab19a3560e8d2b7265ef3c88152e7fdc130d649789887"},
    {file = "lxml-4.6.5-cp39-cp39-manylinux_2_12_i686.manylinux2010_i686.manylinux_2_24_i686.whl", hash = "sha256:c34234a1bc9e466c104372af74d11a9f98338a3f72fae22b80485171a64e0144"},
    {file = "lxml-4.6.5-cp39-cp39-manylinux_2_17_aarch64.manylinux2014_aarch64.manylinux_2_24_aarch64.whl", hash = "sha256:4b9390bf973e3907d967b75be199cf1978ca8443183cf1e78ad80ad8be9cf242"},
    {file = "lxml-4.6.5-cp39-cp39-manylinux_2_17_x86_64.manylinux2014_x86_64.manylinux_2_24_x86_64.whl", hash = "sha256:fcc849b28f584ed1dbf277291ded5c32bb3476a37032df4a1d523b55faa5f944"},
    {file = "lxml-4.6.5-cp39-cp39-manylinux_2_5_i686.manylinux1_i686.whl", hash = "sha256:46f21f2600d001af10e847df9eb3b832e8a439f696c04891bcb8a8cedd859af9"},
    {file = "lxml-4.6.5-cp39-cp39-manylinux_2_5_x86_64.manylinux1_x86_64.whl", hash = "sha256:99cf827f5a783038eb313beee6533dddb8bdb086d7269c5c144c1c952d142ace"},
    {file = "lxml-4.6.5-cp39-cp39-musllinux_1_1_x86_64.whl", hash = "sha256:925174cafb0f1179a7fd38da90302555d7445e34c9ece68019e53c946be7f542"},
    {file = "lxml-4.6.5-cp39-cp39-win32.whl", hash = "sha256:12d8d6fe3ddef629ac1349fa89a638b296a34b6529573f5055d1cb4e5245f73b"},
    {file = "lxml-4.6.5-cp39-cp39-win_amd64.whl", hash = "sha256:a52e8f317336a44836475e9c802f51c2dc38d612eaa76532cb1d17690338b63b"},
    {file = "lxml-4.6.5-pp37-pypy37_pp73-macosx_10_14_x86_64.whl", hash = "sha256:11ae552a78612620afd15625be9f1b82e3cc2e634f90d6b11709b10a100cba59"},
    {file = "lxml-4.6.5-pp37-pypy37_pp73-manylinux_2_12_i686.manylinux2010_i686.manylinux_2_24_i686.whl", hash = "sha256:473701599665d874919d05bb33b56180447b3a9da8d52d6d9799f381ce23f95c"},
    {file = "lxml-4.6.5-pp37-pypy37_pp73-manylinux_2_17_x86_64.manylinux2014_x86_64.manylinux_2_24_x86_64.whl", hash = "sha256:7f00cc64b49d2ef19ddae898a3def9dd8fda9c3d27c8a174c2889ee757918e71"},
    {file = "lxml-4.6.5-pp38-pypy38_pp73-macosx_10_14_x86_64.whl", hash = "sha256:73e8614258404b2689a26cb5d002512b8bc4dfa18aca86382f68f959aee9b0c8"},
    {file = "lxml-4.6.5-pp38-pypy38_pp73-manylinux_2_12_i686.manylinux2010_i686.manylinux_2_24_i686.whl", hash = "sha256:ff44de36772b05c2eb74f2b4b6d1ae29b8f41ed5506310ce1258d44826ee38c1"},
    {file = "lxml-4.6.5-pp38-pypy38_pp73-manylinux_2_17_x86_64.manylinux2014_x86_64.manylinux_2_24_x86_64.whl", hash = "sha256:5d5254c815c186744c8f922e2ce861a2bdeabc06520b4b30b2f7d9767791ce6e"},
    {file = "lxml-4.6.5.tar.gz", hash = "sha256:6e84edecc3a82f90d44ddee2ee2a2630d4994b8471816e226d2b771cda7ac4ca"},
]
python-dateutil = [
    {file = "python-dateutil-2.8.2.tar.gz", hash = "sha256:0123cacc1627ae19ddf3c27a5de5bd67ee4586fbdd6440d9748f8abb483d3e86"},
    {file = "python_dateutil-2.8.2-py2.py3-none-any.whl", hash = "sha256:961d03dc3453ebbc59dbdea9e4e11c5651520a876d0f4db161e8674aae935da9"},
]
requests = [
    {file = "requests-2.26.0-py2.py3-none-any.whl", hash = "sha256:6c1246513ecd5ecd4528a0906f910e8f0f9c6b8ec72030dc9fd154dc1a6efd24"},
    {file = "requests-2.26.0.tar.gz", hash = "sha256:b8aa58f8cf793ffd8782d3d8cb19e66ef36f7aba4353eec859e74678b01b07a7"},
]
s3transfer = [
    {file = "s3transfer-0.5.0-py3-none-any.whl", hash = "sha256:9c1dc369814391a6bda20ebbf4b70a0f34630592c9aa520856bf384916af2803"},
    {file = "s3transfer-0.5.0.tar.gz", hash = "sha256:50ed823e1dc5868ad40c8dc92072f757aa0e653a192845c94a3b676f4a62da4c"},
]
six = [
    {file = "six-1.16.0-py2.py3-none-any.whl", hash = "sha256:8abb2f1d86890a2dfb989f9a77cfcfd3e47c2a354b01111771326f8aa26e0254"},
    {file = "six-1.16.0.tar.gz", hash = "sha256:1e61c37477a1626458e36f7b1d82aa5c9b094fa4802892072e49de9c60c4c926"},
]
urllib3 = [
    {file = "urllib3-1.26.7-py2.py3-none-any.whl", hash = "sha256:c4fdf4019605b6e5423637e01bc9fe4daef873709a7973e195ceba0a62bbc844"},
    {file = "urllib3-1.26.7.tar.gz", hash = "sha256:4987c65554f7a2dbf30c18fd48778ef124af6fab771a377103da0585e2336ece"},
]
